
Microsoft Visual Studio Solution File, Format Version 12.00
# Visual Studio Version 17
VisualStudioVersion = 17.14.36414.22
MinimumVisualStudioVersion = 10.0.40219.1
Project("{FAE04EC0-301F-11D3-BF4B-00C04F79EFBC}") = "LoginApp", "LoginApp\LoginApp.csproj", "{63B67091-A1A1-4CE5-930A-90B3591E8F57}"
EndProject
Project("{FAE04EC0-301F-11D3-BF4B-00C04F79EFBC}") = "LoginApp.Tests", "LoginApp.Tests\LoginApp.Tests.csproj", "{8302A0FE-C4C6-41CD-BB81-EB01C72609D0}"
EndProject
Global
	GlobalSection(SolutionConfigurationPlatforms) = preSolution
		Debug|Any CPU = Debug|Any CPU
		Release|Any CPU = Release|Any CPU
	EndGlobalSection
	GlobalSection(ProjectConfigurationPlatforms) = postSolution
		{63B67091-A1A1-4CE5-930A-90B3591E8F57}.Debug|Any CPU.ActiveCfg = Debug|Any CPU
		{63B67091-A1A1-4CE5-930A-90B3591E8F57}.Debug|Any CPU.Build.0 = Debug|Any CPU
		{63B67091-A1A1-4CE5-930A-90B3591E8F57}.Release|Any CPU.ActiveCfg = Release|Any CPU
		{63B67091-A1A1-4CE5-930A-90B3591E8F57}.Release|Any CPU.Build.0 = Release|Any CPU
		{8302A0FE-C4C6-41CD-BB81-EB01C72609D0}.Debug|Any CPU.ActiveCfg = Debug|Any CPU
		{8302A0FE-C4C6-41CD-BB81-EB01C72609D0}.Debug|Any CPU.Build.0 = Debug|Any CPU
		{8302A0FE-C4C6-41CD-BB81-EB01C72609D0}.Release|Any CPU.ActiveCfg = Release|Any CPU
		{8302A0FE-C4C6-41CD-BB81-EB01C72609D0}.Release|Any CPU.Build.0 = Release|Any CPU
	EndGlobalSection
	GlobalSection(SolutionProperties) = preSolution
		HideSolutionNode = FALSE
	EndGlobalSection
	GlobalSection(ExtensibilityGlobals) = postSolution
		SolutionGuid = {50B2E3F1-F457-435E-BF12-D3E09572C9FF}
	EndGlobalSection
EndGlobal
